
Microsoft Visual Studio Solution File, Format Version 12.00
# Visual Studio Version 17
VisualStudioVersion = 17.8.34330.188
MinimumVisualStudioVersion = 10.0.40219.1
Project("{FAE04EC0-301F-11D3-BF4B-00C04F79EFBC}") = "Calculator", "Calculator\Calculator.csproj", "{B5B6AAA2-0C11-42AC-89F7-989CD91F3174}"
EndProject
Global
	GlobalSection(SolutionConfigurationPlatforms) = preSolution
		Debug|Any CPU = Debug|Any CPU
		Release|Any CPU = Release|Any CPU
	EndGlobalSection
	GlobalSection(ProjectConfigurationPlatforms) = postSolution
		{B5B6AAA2-0C11-42AC-89F7-989CD91F3174}.Debug|Any CPU.ActiveCfg = Debug|Any CPU
		{B5B6AAA2-0C11-42AC-89F7-989CD91F3174}.Debug|Any CPU.Build.0 = Debug|Any CPU
		{B5B6AAA2-0C11-42AC-89F7-989CD91F3174}.Release|Any CPU.ActiveCfg = Release|Any CPU
		{B5B6AAA2-0C11-42AC-89F7-989CD91F3174}.Release|Any CPU.Build.0 = Release|Any CPU
	EndGlobalSection
	GlobalSection(SolutionProperties) = preSolution
		HideSolutionNode = FALSE
	EndGlobalSection
	GlobalSection(ExtensibilityGlobals) = postSolution
		SolutionGuid = {69F7AA75-16F5-483A-9CFD-AC31EF46E804}
	EndGlobalSection
EndGlobal
